// !$*UTF8*$!
{
	archiveVersion = 1;
	classes = {
	};
	objectVersion = 50;
	objects = {

/* Begin PBXBuildFile section */
		F4ABC607266BCD3300A8B247 /* DataManager.swift in Sources */ = {isa = PBXBuildFile; fileRef = F4ABC606266BCD3300A8B247 /* DataManager.swift */; };
		F4EC9633265FEA6900CCD43F /* AppDelegate.swift in Sources */ = {isa = PBXBuildFile; fileRef = F4EC9632265FEA6900CCD43F /* AppDelegate.swift */; };
		F4EC9635265FEA6900CCD43F /* SceneDelegate.swift in Sources */ = {isa = PBXBuildFile; fileRef = F4EC9634265FEA6900CCD43F /* SceneDelegate.swift */; };
		F4EC963A265FEA6900CCD43F /* Main.storyboard in Resources */ = {isa = PBXBuildFile; fileRef = F4EC9638265FEA6900CCD43F /* Main.storyboard */; };
		F4EC963D265FEA6900CCD43F /* MooMemo.xcdatamodeld in Sources */ = {isa = PBXBuildFile; fileRef = F4EC963B265FEA6900CCD43F /* MooMemo.xcdatamodeld */; };
		F4EC963F265FEA6A00CCD43F /* Assets.xcassets in Resources */ = {isa = PBXBuildFile; fileRef = F4EC963E265FEA6A00CCD43F /* Assets.xcassets */; };
		F4EC9642265FEA6A00CCD43F /* LaunchScreen.storyboard in Resources */ = {isa = PBXBuildFile; fileRef = F4EC9640265FEA6A00CCD43F /* LaunchScreen.storyboard */; };
		F4EC964B265FF9F500CCD43F /* Model.swift in Sources */ = {isa = PBXBuildFile; fileRef = F4EC964A265FF9F500CCD43F /* Model.swift */; };
		F4EC964D265FFB4700CCD43F /* MemoListTableViewController.swift in Sources */ = {isa = PBXBuildFile; fileRef = F4EC964C265FFB4700CCD43F /* MemoListTableViewController.swift */; };
		F4EC964F26675A9E00CCD43F /* NewMemoViewController.swift in Sources */ = {isa = PBXBuildFile; fileRef = F4EC964E26675A9E00CCD43F /* NewMemoViewController.swift */; };
		F4EC965226675C2500CCD43F /* UIViewController+Alert.swift in Sources */ = {isa = PBXBuildFile; fileRef = F4EC965126675C2500CCD43F /* UIViewController+Alert.swift */; };
		F4EC9655266760BA00CCD43F /* DetailViewController.swift in Sources */ = {isa = PBXBuildFile; fileRef = F4EC9654266760BA00CCD43F /* DetailViewController.swift */; };
/* End PBXBuildFile section */

/* Begin PBXFileReference section */
		F4ABC606266BCD3300A8B247 /* DataManager.swift */ = {isa = PBXFileReference; lastKnownFileType = sourcecode.swift; path = DataManager.swift; sourceTree = "<group>"; };
		F4EC962F265FEA6900CCD43F /* MooMemo.app */ = {isa = PBXFileReference; explicitFileType = wrapper.application; includeInIndex = 0; path = MooMemo.app; sourceTree = BUILT_PRODUCTS_DIR; };
		F4EC9632265FEA6900CCD43F /* AppDelegate.swift */ = {isa = PBXFileReference; lastKnownFileType = sourcecode.swift; path = AppDelegate.swift; sourceTree = "<group>"; };
		F4EC9634265FEA6900CCD43F /* SceneDelegate.swift */ = {isa = PBXFileReference; lastKnownFileType = sourcecode.swift; path = SceneDelegate.swift; sourceTree = "<group>"; };
		F4EC9639265FEA6900CCD43F /* Base */ = {isa = PBXFileReference; lastKnownFileType = file.storyboard; name = Base; path = Base.lproj/Main.storyboard; sourceTree = "<group>"; };
		F4EC963C265FEA6900CCD43F /* MooMemo.xcdatamodel */ = {isa = PBXFileReference; lastKnownFileType = wrapper.xcdatamodel; path = MooMemo.xcdatamodel; sourceTree = "<group>"; };
		F4EC963E265FEA6A00CCD43F /* Assets.xcassets */ = {isa = PBXFileReference; lastKnownFileType = folder.assetcatalog; path = Assets.xcassets; sourceTree = "<group>"; };
		F4EC9641265FEA6A00CCD43F /* Base */ = {isa = PBXFileReference; lastKnownFileType = file.storyboard; name = Base; path = Base.lproj/LaunchScreen.storyboard; sourceTree = "<group>"; };
		F4EC9643265FEA6A00CCD43F /* Info.plist */ = {isa = PBXFileReference; lastKnownFileType = text.plist.xml; path = Info.plist; sourceTree = "<group>"; };
		F4EC964A265FF9F500CCD43F /* Model.swift */ = {isa = PBXFileReference; lastKnownFileType = sourcecode.swift; path = Model.swift; sourceTree = "<group>"; };
		F4EC964C265FFB4700CCD43F /* MemoListTableViewController.swift */ = {isa = PBXFileReference; lastKnownFileType = sourcecode.swift; path = MemoListTableViewController.swift; sourceTree = "<group>"; };
		F4EC964E26675A9E00CCD43F /* NewMemoViewController.swift */ = {isa = PBXFileReference; lastKnownFileType = sourcecode.swift; path = NewMemoViewController.swift; sourceTree = "<group>"; };
		F4EC965126675C2500CCD43F /* UIViewController+Alert.swift */ = {isa = PBXFileReference; lastKnownFileType = sourcecode.swift; path = "UIViewController+Alert.swift"; sourceTree = "<group>"; };
		F4EC9654266760BA00CCD43F /* DetailViewController.swift */ = {isa = PBXFileReference; lastKnownFileType = sourcecode.swift; path = DetailViewController.swift; sourceTree = "<group>"; };
/* End PBXFileReference section */

/* Begin PBXFrameworksBuildPhase section */
		F4EC962C265FEA6900CCD43F /* Frameworks */ = {
			isa = PBXFrameworksBuildPhase;
			buildActionMask = 2147483647;
			files = (
			);
			runOnlyForDeploymentPostprocessing = 0;
		};
/* End PBXFrameworksBuildPhase section */

/* Begin PBXGroup section */
		F4ABC605266BCD1500A8B247 /* Data */ = {
			isa = PBXGroup;
			children = (
				F4ABC606266BCD3300A8B247 /* DataManager.swift */,
			);
			path = Data;
			sourceTree = "<group>";
		};
		F4EC9626265FEA6900CCD43F = {
			isa = PBXGroup;
			children = (
				F4EC9631265FEA6900CCD43F /* MooMemo */,
				F4EC9630265FEA6900CCD43F /* Products */,
			);
			sourceTree = "<group>";
		};
		F4EC9630265FEA6900CCD43F /* Products */ = {
			isa = PBXGroup;
			children = (
				F4EC962F265FEA6900CCD43F /* MooMemo.app */,
			);
			name = Products;
			sourceTree = "<group>";
		};
		F4EC9631265FEA6900CCD43F /* MooMemo */ = {
			isa = PBXGroup;
			children = (
				F4ABC605266BCD1500A8B247 /* Data */,
				F4EC96532667609900CCD43F /* Class */,
				F4EC965026675C0900CCD43F /* Util */,
				F4EC9649265FF9C600CCD43F /* Model */,
				F4EC9632265FEA6900CCD43F /* AppDelegate.swift */,
				F4EC9634265FEA6900CCD43F /* SceneDelegate.swift */,
				F4EC9638265FEA6900CCD43F /* Main.storyboard */,
				F4EC963E265FEA6A00CCD43F /* Assets.xcassets */,
				F4EC9640265FEA6A00CCD43F /* LaunchScreen.storyboard */,
				F4EC9643265FEA6A00CCD43F /* Info.plist */,
				F4EC963B265FEA6900CCD43F /* MooMemo.xcdatamodeld */,
			);
			path = MooMemo;
			sourceTree = "<group>";
		};
		F4EC9649265FF9C600CCD43F /* Model */ = {
			isa = PBXGroup;
			children = (
				F4EC964A265FF9F500CCD43F /* Model.swift */,
			);
			path = Model;
			sourceTree = "<group>";
		};
		F4EC965026675C0900CCD43F /* Util */ = {
			isa = PBXGroup;
			children = (
				F4EC965126675C2500CCD43F /* UIViewController+Alert.swift */,
			);
			path = Util;
			sourceTree = "<group>";
		};
		F4EC96532667609900CCD43F /* Class */ = {
			isa = PBXGroup;
			children = (
				F4EC964C265FFB4700CCD43F /* MemoListTableViewController.swift */,
				F4EC964E26675A9E00CCD43F /* NewMemoViewController.swift */,
				F4EC9654266760BA00CCD43F /* DetailViewController.swift */,
			);
			path = Class;
			sourceTree = "<group>";
		};
/* End PBXGroup section */

/* Begin PBXNativeTarget section */
		F4EC962E265FEA6900CCD43F /* MooMemo */ = {
			isa = PBXNativeTarget;
			buildConfigurationList = F4EC9646265FEA6A00CCD43F /* Build configuration list for PBXNativeTarget "MooMemo" */;
			buildPhases = (
				F4EC962B265FEA6900CCD43F /* Sources */,
				F4EC962C265FEA6900CCD43F /* Frameworks */,
				F4EC962D265FEA6900CCD43F /* Resources */,
			);
			buildRules = (
			);
			dependencies = (
			);
			name = MooMemo;
			productName = MooMemo;
			productReference = F4EC962F265FEA6900CCD43F /* MooMemo.app */;
			productType = "com.apple.product-type.application";
		};
/* End PBXNativeTarget section */

/* Begin PBXProject section */
		F4EC9627265FEA6900CCD43F /* Project object */ = {
			isa = PBXProject;
			attributes = {
				LastSwiftUpdateCheck = 1250;
				LastUpgradeCheck = 1250;
				TargetAttributes = {
					F4EC962E265FEA6900CCD43F = {
						CreatedOnToolsVersion = 12.5;
					};
				};
			};
			buildConfigurationList = F4EC962A265FEA6900CCD43F /* Build configuration list for PBXProject "MooMemo" */;
			compatibilityVersion = "Xcode 9.3";
			developmentRegion = en;
			hasScannedForEncodings = 0;
			knownRegions = (
				en,
				Base,
			);
			mainGroup = F4EC9626265FEA6900CCD43F;
			productRefGroup = F4EC9630265FEA6900CCD43F /* Products */;
			projectDirPath = "";
			projectRoot = "";
			targets = (
				F4EC962E265FEA6900CCD43F /* MooMemo */,
			);
		};
/* End PBXProject section */

/* Begin PBXResourcesBuildPhase section */
		F4EC962D265FEA6900CCD43F /* Resources */ = {
			isa = PBXResourcesBuildPhase;
			buildActionMask = 2147483647;
			files = (
				F4EC9642265FEA6A00CCD43F /* LaunchScreen.storyboard in Resources */,
				F4EC963F265FEA6A00CCD43F /* Assets.xcassets in Resources */,
				F4EC963A265FEA6900CCD43F /* Main.storyboard in Resources */,
			);
			runOnlyForDeploymentPostprocessing = 0;
		};
/* End PBXResourcesBuildPhase section */

/* Begin PBXSourcesBuildPhase section */
		F4EC962B265FEA6900CCD43F /* Sources */ = {
			isa = PBXSourcesBuildPhase;
			buildActionMask = 2147483647;
			files = (
				F4EC963D265FEA6900CCD43F /* MooMemo.xcdatamodeld in Sources */,
				F4EC9633265FEA6900CCD43F /* AppDelegate.swift in Sources */,
				F4EC964D265FFB4700CCD43F /* MemoListTableViewController.swift in Sources */,
				F4EC964F26675A9E00CCD43F /* NewMemoViewController.swift in Sources */,
				F4EC9635265FEA6900CCD43F /* SceneDelegate.swift in Sources */,
				F4EC964B265FF9F500CCD43F /* Model.swift in Sources */,
				F4EC965226675C2500CCD43F /* UIViewController+Alert.swift in Sources */,
				F4ABC607266BCD3300A8B247 /* DataManager.swift in Sources */,
				F4EC9655266760BA00CCD43F /* DetailViewController.swift in Sources */,
			);
			runOnlyForDeploymentPostprocessing = 0;
		};
/* End PBXSourcesBuildPhase section */

/* Begin PBXVariantGroup section */
		F4EC9638265FEA6900CCD43F /* Main.storyboard */ = {
			isa = PBXVariantGroup;
			children = (
				F4EC9639265FEA6900CCD43F /* Base */,
			);
			name = Main.storyboard;
			sourceTree = "<group>";
		};
		F4EC9640265FEA6A00CCD43F /* LaunchScreen.storyboard */ = {
			isa = PBXVariantGroup;
			children = (
				F4EC9641265FEA6A00CCD43F /* Base */,
			);
			name = LaunchScreen.storyboard;
			sourceTree = "<group>";
		};
/* End PBXVariantGroup section */

/* Begin XCBuildConfiguration section */
		F4EC9644265FEA6A00CCD43F /* Debug */ = {
			isa = XCBuildConfiguration;
			buildSettings = {
				ALWAYS_SEARCH_USER_PATHS = NO;
				CLANG_ANALYZER_NONNULL = YES;
				CLANG_ANALYZER_NUMBER_OBJECT_CONVERSION = YES_AGGRESSIVE;
				CLANG_CXX_LANGUAGE_STANDARD = "gnu++14";
				CLANG_CXX_LIBRARY = "libc++";
				CLANG_ENABLE_MODULES = YES;
				CLANG_ENABLE_OBJC_ARC = YES;
				CLANG_ENABLE_OBJC_WEAK = YES;
				CLANG_WARN_BLOCK_CAPTURE_AUTORELEASING = YES;
				CLANG_WARN_BOOL_CONVERSION = YES;
				CLANG_WARN_COMMA = YES;
				CLANG_WARN_CONSTANT_CONVERSION = YES;
				CLANG_WARN_DEPRECATED_OBJC_IMPLEMENTATIONS = YES;
				CLANG_WARN_DIRECT_OBJC_ISA_USAGE = YES_ERROR;
				CLANG_WARN_DOCUMENTATION_COMMENTS = YES;
				CLANG_WARN_EMPTY_BODY = YES;
				CLANG_WARN_ENUM_CONVERSION = YES;
				CLANG_WARN_INFINITE_RECURSION = YES;
				CLANG_WARN_INT_CONVERSION = YES;
				CLANG_WARN_NON_LITERAL_NULL_CONVERSION = YES;
				CLANG_WARN_OBJC_IMPLICIT_RETAIN_SELF = YES;
				CLANG_WARN_OBJC_LITERAL_CONVERSION = YES;
				CLANG_WARN_OBJC_ROOT_CLASS = YES_ERROR;
				CLANG_WARN_QUOTED_INCLUDE_IN_FRAMEWORK_HEADER = YES;
				CLANG_WARN_RANGE_LOOP_ANALYSIS = YES;
				CLANG_WARN_STRICT_PROTOTYPES = YES;
				CLANG_WARN_SUSPICIOUS_MOVE = YES;
				CLANG_WARN_UNGUARDED_AVAILABILITY = YES_AGGRESSIVE;
				CLANG_WARN_UNREACHABLE_CODE = YES;
				CLANG_WARN__DUPLICATE_METHOD_MATCH = YES;
				COPY_PHASE_STRIP = NO;
				DEBUG_INFORMATION_FORMAT = dwarf;
				ENABLE_STRICT_OBJC_MSGSEND = YES;
				ENABLE_TESTABILITY = YES;
				GCC_C_LANGUAGE_STANDARD = gnu11;
				GCC_DYNAMIC_NO_PIC = NO;
				GCC_NO_COMMON_BLOCKS = YES;
				GCC_OPTIMIZATION_LEVEL = 0;
				GCC_PREPROCESSOR_DEFINITIONS = (
					"DEBUG=1",
					"$(inherited)",
				);
				GCC_WARN_64_TO_32_BIT_CONVERSION = YES;
				GCC_WARN_ABOUT_RETURN_TYPE = YES_ERROR;
				GCC_WARN_UNDECLARED_SELECTOR = YES;
				GCC_WARN_UNINITIALIZED_AUTOS = YES_AGGRESSIVE;
				GCC_WARN_UNUSED_FUNCTION = YES;
				GCC_WARN_UNUSED_VARIABLE = YES;
				IPHONEOS_DEPLOYMENT_TARGET = 14.5;
				MTL_ENABLE_DEBUG_INFO = INCLUDE_SOURCE;
				MTL_FAST_MATH = YES;
				ONLY_ACTIVE_ARCH = YES;
				SDKROOT = iphoneos;
				SWIFT_ACTIVE_COMPILATION_CONDITIONS = DEBUG;
				SWIFT_OPTIMIZATION_LEVEL = "-Onone";
			};
			name = Debug;
		};
		F4EC9645265FEA6A00CCD43F /* Release */ = {
			isa = XCBuildConfiguration;
			buildSettings = {
				ALWAYS_SEARCH_USER_PATHS = NO;
				CLANG_ANALYZER_NONNULL = YES;
				CLANG_ANALYZER_NUMBER_OBJECT_CONVERSION = YES_AGGRESSIVE;
				CLANG_CXX_LANGUAGE_STANDARD = "gnu++14";
				CLANG_CXX_LIBRARY = "libc++";
				CLANG_ENABLE_MODULES = YES;
				CLANG_ENABLE_OBJC_ARC = YES;
				CLANG_ENABLE_OBJC_WEAK = YES;
				CLANG_WARN_BLOCK_CAPTURE_AUTORELEASING = YES;
				CLANG_WARN_BOOL_CONVERSION = YES;
				CLANG_WARN_COMMA = YES;
				CLANG_WARN_CONSTANT_CONVERSION = YES;
				CLANG_WARN_DEPRECATED_OBJC_IMPLEMENTATIONS = YES;
				CLANG_WARN_DIRECT_OBJC_ISA_USAGE = YES_ERROR;
				CLANG_WARN_DOCUMENTATION_COMMENTS = YES;
				CLANG_WARN_EMPTY_BODY = YES;
				CLANG_WARN_ENUM_CONVERSION = YES;
				CLANG_WARN_INFINITE_RECURSION = YES;
				CLANG_WARN_INT_CONVERSION = YES;
				CLANG_WARN_NON_LITERAL_NULL_CONVERSION = YES;
				CLANG_WARN_OBJC_IMPLICIT_RETAIN_SELF = YES;
				CLANG_WARN_OBJC_LITERAL_CONVERSION = YES;
				CLANG_WARN_OBJC_ROOT_CLASS = YES_ERROR;
				CLANG_WARN_QUOTED_INCLUDE_IN_FRAMEWORK_HEADER = YES;
				CLANG_WARN_RANGE_LOOP_ANALYSIS = YES;
				CLANG_WARN_STRICT_PROTOTYPES = YES;
				CLANG_WARN_SUSPICIOUS_MOVE = YES;
				CLANG_WARN_UNGUARDED_AVAILABILITY = YES_AGGRESSIVE;
				CLANG_WARN_UNREACHABLE_CODE = YES;
				CLANG_WARN__DUPLICATE_METHOD_MATCH = YES;
				COPY_PHASE_STRIP = NO;
				DEBUG_INFORMATION_FORMAT = "dwarf-with-dsym";
				ENABLE_NS_ASSERTIONS = NO;
				ENABLE_STRICT_OBJC_MSGSEND = YES;
				GCC_C_LANGUAGE_STANDARD = gnu11;
				GCC_NO_COMMON_BLOCKS = YES;
				GCC_WARN_64_TO_32_BIT_CONVERSION = YES;
				GCC_WARN_ABOUT_RETURN_TYPE = YES_ERROR;
				GCC_WARN_UNDECLARED_SELECTOR = YES;
				GCC_WARN_UNINITIALIZED_AUTOS = YES_AGGRESSIVE;
				GCC_WARN_UNUSED_FUNCTION = YES;
				GCC_WARN_UNUSED_VARIABLE = YES;
				IPHONEOS_DEPLOYMENT_TARGET = 14.5;
				MTL_ENABLE_DEBUG_INFO = NO;
				MTL_FAST_MATH = YES;
				SDKROOT = iphoneos;
				SWIFT_COMPILATION_MODE = wholemodule;
				SWIFT_OPTIMIZATION_LEVEL = "-O";
				VALIDATE_PRODUCT = YES;
			};
			name = Release;
		};
		F4EC9647265FEA6A00CCD43F /* Debug */ = {
			isa = XCBuildConfiguration;
			buildSettings = {
				ASSETCATALOG_COMPILER_APPICON_NAME = AppIcon;
				ASSETCATALOG_COMPILER_GLOBAL_ACCENT_COLOR_NAME = AccentColor;
				CODE_SIGN_STYLE = Automatic;
				DEVELOPMENT_TEAM = 6ZQXJHH38M;
				INFOPLIST_FILE = MooMemo/Info.plist;
				IPHONEOS_DEPLOYMENT_TARGET = 11.0;
				LD_RUNPATH_SEARCH_PATHS = (
					"$(inherited)",
					"@executable_path/Frameworks",
				);
				PRODUCT_BUNDLE_IDENTIFIER = com.danmooji.MooMemo;
				PRODUCT_NAME = "$(TARGET_NAME)";
				SWIFT_VERSION = 5.0;
				TARGETED_DEVICE_FAMILY = "1,2";
			};
			name = Debug;
		};
		F4EC9648265FEA6A00CCD43F /* Release */ = {
			isa = XCBuildConfiguration;
			buildSettings = {
				ASSETCATALOG_COMPILER_APPICON_NAME = AppIcon;
				ASSETCATALOG_COMPILER_GLOBAL_ACCENT_COLOR_NAME = AccentColor;
				CODE_SIGN_STYLE = Automatic;
				DEVELOPMENT_TEAM = 6ZQXJHH38M;
				INFOPLIST_FILE = MooMemo/Info.plist;
				IPHONEOS_DEPLOYMENT_TARGET = 11.0;
				LD_RUNPATH_SEARCH_PATHS = (
					"$(inherited)",
					"@executable_path/Frameworks",
				);
				PRODUCT_BUNDLE_IDENTIFIER = com.danmooji.MooMemo;
				PRODUCT_NAME = "$(TARGET_NAME)";
				SWIFT_VERSION = 5.0;
				TARGETED_DEVICE_FAMILY = "1,2";
			};
			name = Release;
		};
/* End XCBuildConfiguration section */

/* Begin XCConfigurationList section */
		F4EC962A265FEA6900CCD43F /* Build configuration list for PBXProject "MooMemo" */ = {
			isa = XCConfigurationList;
			buildConfigurations = (
				F4EC9644265FEA6A00CCD43F /* Debug */,
				F4EC9645265FEA6A00CCD43F /* Release */,
			);
			defaultConfigurationIsVisible = 0;
			defaultConfigurationName = Release;
		};
		F4EC9646265FEA6A00CCD43F /* Build configuration list for PBXNativeTarget "MooMemo" */ = {
			isa = XCConfigurationList;
			buildConfigurations = (
				F4EC9647265FEA6A00CCD43F /* Debug */,
				F4EC9648265FEA6A00CCD43F /* Release */,
			);
			defaultConfigurationIsVisible = 0;
			defaultConfigurationName = Release;
		};
/* End XCConfigurationList section */

/* Begin XCVersionGroup section */
		F4EC963B265FEA6900CCD43F /* MooMemo.xcdatamodeld */ = {
			isa = XCVersionGroup;
			children = (
				F4EC963C265FEA6900CCD43F /* MooMemo.xcdatamodel */,
			);
			currentVersion = F4EC963C265FEA6900CCD43F /* MooMemo.xcdatamodel */;
			path = MooMemo.xcdatamodeld;
			sourceTree = "<group>";
			versionGroupType = wrapper.xcdatamodel;
		};
/* End XCVersionGroup section */
	};
	rootObject = F4EC9627265FEA6900CCD43F /* Project object */;
}
